// !$*UTF8*$!
{
	archiveVersion = 1;
	classes = {
	};
	objectVersion = 55;
	objects = {

/* Begin PBXBuildFile section */
		8859B8FC28213A2500B44A55 /* SwiftUICombineHaveIBeenPwnedChallengeApp.swift in Sources */ = {isa = PBXBuildFile; fileRef = 8859B8FB28213A2500B44A55 /* SwiftUICombineHaveIBeenPwnedChallengeApp.swift */; };
		8859B8FE28213A2500B44A55 /* SignupView.swift in Sources */ = {isa = PBXBuildFile; fileRef = 8859B8FD28213A2500B44A55 /* SignupView.swift */; };
		8859B90028213A2700B44A55 /* Assets.xcassets in Resources */ = {isa = PBXBuildFile; fileRef = 8859B8FF28213A2700B44A55 /* Assets.xcassets */; };
		8859B90328213A2700B44A55 /* Preview Assets.xcassets in Resources */ = {isa = PBXBuildFile; fileRef = 8859B90228213A2700B44A55 /* Preview Assets.xcassets */; };
		8859B90B28213A6900B44A55 /* FormRow.swift in Sources */ = {isa = PBXBuildFile; fileRef = 8859B90A28213A6900B44A55 /* FormRow.swift */; };
		8859B91428213B8D00B44A55 /* String+Crypto.swift in Sources */ = {isa = PBXBuildFile; fileRef = 8859B91328213B8D00B44A55 /* String+Crypto.swift */; };
		8859B91828213BC000B44A55 /* Publisher+Result.swift in Sources */ = {isa = PBXBuildFile; fileRef = 8859B91728213BC000B44A55 /* Publisher+Result.swift */; };
		8859B91A28213BFD00B44A55 /* SignupViewModel.swift in Sources */ = {isa = PBXBuildFile; fileRef = 8859B91928213BFD00B44A55 /* SignupViewModel.swift */; };
/* End PBXBuildFile section */

/* Begin PBXFileReference section */
		8859B8F828213A2500B44A55 /* SwiftUICombineHaveIBeenPwnedChallenge.app */ = {isa = PBXFileReference; explicitFileType = wrapper.application; includeInIndex = 0; path = SwiftUICombineHaveIBeenPwnedChallenge.app; sourceTree = BUILT_PRODUCTS_DIR; };
		8859B8FB28213A2500B44A55 /* SwiftUICombineHaveIBeenPwnedChallengeApp.swift */ = {isa = PBXFileReference; lastKnownFileType = sourcecode.swift; path = SwiftUICombineHaveIBeenPwnedChallengeApp.swift; sourceTree = "<group>"; };
		8859B8FD28213A2500B44A55 /* SignupView.swift */ = {isa = PBXFileReference; lastKnownFileType = sourcecode.swift; path = SignupView.swift; sourceTree = "<group>"; };
		8859B8FF28213A2700B44A55 /* Assets.xcassets */ = {isa = PBXFileReference; lastKnownFileType = folder.assetcatalog; path = Assets.xcassets; sourceTree = "<group>"; };
		8859B90228213A2700B44A55 /* Preview Assets.xcassets */ = {isa = PBXFileReference; lastKnownFileType = folder.assetcatalog; path = "Preview Assets.xcassets"; sourceTree = "<group>"; };
		8859B90A28213A6900B44A55 /* FormRow.swift */ = {isa = PBXFileReference; fileEncoding = 4; lastKnownFileType = sourcecode.swift; path = FormRow.swift; sourceTree = "<group>"; };
		8859B91328213B8D00B44A55 /* String+Crypto.swift */ = {isa = PBXFileReference; lastKnownFileType = sourcecode.swift; path = "String+Crypto.swift"; sourceTree = "<group>"; };
		8859B91728213BC000B44A55 /* Publisher+Result.swift */ = {isa = PBXFileReference; lastKnownFileType = sourcecode.swift; path = "Publisher+Result.swift"; sourceTree = "<group>"; };
		8859B91928213BFD00B44A55 /* SignupViewModel.swift */ = {isa = PBXFileReference; lastKnownFileType = sourcecode.swift; path = SignupViewModel.swift; sourceTree = "<group>"; };
/* End PBXFileReference section */

/* Begin PBXFrameworksBuildPhase section */
		8859B8F528213A2500B44A55 /* Frameworks */ = {
			isa = PBXFrameworksBuildPhase;
			buildActionMask = 2147483647;
			files = (
			);
			runOnlyForDeploymentPostprocessing = 0;
		};
/* End PBXFrameworksBuildPhase section */

/* Begin PBXGroup section */
		8859B8EF28213A2500B44A55 = {
			isa = PBXGroup;
			children = (
				8859B8FA28213A2500B44A55 /* SwiftUICombineHaveIBeenPwnedChallenge */,
				8859B8F928213A2500B44A55 /* Products */,
			);
			sourceTree = "<group>";
		};
		8859B8F928213A2500B44A55 /* Products */ = {
			isa = PBXGroup;
			children = (
				8859B8F828213A2500B44A55 /* SwiftUICombineHaveIBeenPwnedChallenge.app */,
			);
			name = Products;
			sourceTree = "<group>";
		};
		8859B8FA28213A2500B44A55 /* SwiftUICombineHaveIBeenPwnedChallenge */ = {
			isa = PBXGroup;
			children = (
				8859B90C28213AD600B44A55 /* App */,
				8859B90D28213ADF00B44A55 /* Features */,
				8859B8FF28213A2700B44A55 /* Assets.xcassets */,
				8859B90128213A2700B44A55 /* Preview Content */,
			);
			path = SwiftUICombineHaveIBeenPwnedChallenge;
			sourceTree = "<group>";
		};
		8859B90128213A2700B44A55 /* Preview Content */ = {
			isa = PBXGroup;
			children = (
				8859B90228213A2700B44A55 /* Preview Assets.xcassets */,
			);
			path = "Preview Content";
			sourceTree = "<group>";
		};
		8859B90928213A6900B44A55 /* Common */ = {
			isa = PBXGroup;
			children = (
				8859B91B28213CC500B44A55 /* Extensions */,
				8859B91128213B0E00B44A55 /* Views */,
			);
			path = Common;
			sourceTree = "<group>";
		};
		8859B90C28213AD600B44A55 /* App */ = {
			isa = PBXGroup;
			children = (
				8859B8FB28213A2500B44A55 /* SwiftUICombineHaveIBeenPwnedChallengeApp.swift */,
			);
			path = App;
			sourceTree = "<group>";
		};
		8859B90D28213ADF00B44A55 /* Features */ = {
			isa = PBXGroup;
			children = (
				8859B90928213A6900B44A55 /* Common */,
				8859B90E28213AE700B44A55 /* Authentication */,
			);
			path = Features;
			sourceTree = "<group>";
		};
		8859B90E28213AE700B44A55 /* Authentication */ = {
			isa = PBXGroup;
			children = (
				8859B91228213B7700B44A55 /* Extensions */,
				8859B91028213AFC00B44A55 /* ViewModels */,
				8859B90F28213AF500B44A55 /* Views */,
			);
			path = Authentication;
			sourceTree = "<group>";
		};
		8859B90F28213AF500B44A55 /* Views */ = {
			isa = PBXGroup;
			children = (
				8859B8FD28213A2500B44A55 /* SignupView.swift */,
			);
			path = Views;
			sourceTree = "<group>";
		};
		8859B91028213AFC00B44A55 /* ViewModels */ = {
			isa = PBXGroup;
			children = (
				8859B91928213BFD00B44A55 /* SignupViewModel.swift */,
			);
			path = ViewModels;
			sourceTree = "<group>";
		};
		8859B91128213B0E00B44A55 /* Views */ = {
			isa = PBXGroup;
			children = (
				8859B90A28213A6900B44A55 /* FormRow.swift */,
			);
			path = Views;
			sourceTree = "<group>";
		};
		8859B91228213B7700B44A55 /* Extensions */ = {
			isa = PBXGroup;
			children = (
				8859B91328213B8D00B44A55 /* String+Crypto.swift */,
			);
			path = Extensions;
			sourceTree = "<group>";
		};
		8859B91B28213CC500B44A55 /* Extensions */ = {
			isa = PBXGroup;
			children = (
				8859B91728213BC000B44A55 /* Publisher+Result.swift */,
			);
			path = Extensions;
			sourceTree = "<group>";
		};
/* End PBXGroup section */

/* Begin PBXNativeTarget section */
		8859B8F728213A2500B44A55 /* SwiftUICombineHaveIBeenPwnedChallenge */ = {
			isa = PBXNativeTarget;
			buildConfigurationList = 8859B90628213A2700B44A55 /* Build configuration list for PBXNativeTarget "SwiftUICombineHaveIBeenPwnedChallenge" */;
			buildPhases = (
				8859B8F428213A2500B44A55 /* Sources */,
				8859B8F528213A2500B44A55 /* Frameworks */,
				8859B8F628213A2500B44A55 /* Resources */,
			);
			buildRules = (
			);
			dependencies = (
			);
			name = SwiftUICombineHaveIBeenPwnedChallenge;
			productName = SwiftUICombineHaveIBeenPwnedChallenge;
			productReference = 8859B8F828213A2500B44A55 /* SwiftUICombineHaveIBeenPwnedChallenge.app */;
			productType = "com.apple.product-type.application";
		};
/* End PBXNativeTarget section */

/* Begin PBXProject section */
		8859B8F028213A2500B44A55 /* Project object */ = {
			isa = PBXProject;
			attributes = {
				BuildIndependentTargetsInParallel = 1;
				LastSwiftUpdateCheck = 1330;
				LastUpgradeCheck = 1330;
				TargetAttributes = {
					8859B8F728213A2500B44A55 = {
						CreatedOnToolsVersion = 13.3.1;
					};
				};
			};
			buildConfigurationList = 8859B8F328213A2500B44A55 /* Build configuration list for PBXProject "SwiftUICombineHaveIBeenPwnedChallenge" */;
			compatibilityVersion = "Xcode 13.0";
			developmentRegion = en;
			hasScannedForEncodings = 0;
			knownRegions = (
				en,
				Base,
			);
			mainGroup = 8859B8EF28213A2500B44A55;
			productRefGroup = 8859B8F928213A2500B44A55 /* Products */;
			projectDirPath = "";
			projectRoot = "";
			targets = (
				8859B8F728213A2500B44A55 /* SwiftUICombineHaveIBeenPwnedChallenge */,
			);
		};
/* End PBXProject section */

/* Begin PBXResourcesBuildPhase section */
		8859B8F628213A2500B44A55 /* Resources */ = {
			isa = PBXResourcesBuildPhase;
			buildActionMask = 2147483647;
			files = (
				8859B90328213A2700B44A55 /* Preview Assets.xcassets in Resources */,
				8859B90028213A2700B44A55 /* Assets.xcassets in Resources */,
			);
			runOnlyForDeploymentPostprocessing = 0;
		};
/* End PBXResourcesBuildPhase section */

/* Begin PBXSourcesBuildPhase section */
		8859B8F428213A2500B44A55 /* Sources */ = {
			isa = PBXSourcesBuildPhase;
			buildActionMask = 2147483647;
			files = (
				8859B91A28213BFD00B44A55 /* SignupViewModel.swift in Sources */,
				8859B91428213B8D00B44A55 /* String+Crypto.swift in Sources */,
				8859B90B28213A6900B44A55 /* FormRow.swift in Sources */,
				8859B8FE28213A2500B44A55 /* SignupView.swift in Sources */,
				8859B8FC28213A2500B44A55 /* SwiftUICombineHaveIBeenPwnedChallengeApp.swift in Sources */,
				8859B91828213BC000B44A55 /* Publisher+Result.swift in Sources */,
			);
			runOnlyForDeploymentPostprocessing = 0;
		};
/* End PBXSourcesBuildPhase section */

/* Begin XCBuildConfiguration section */
		8859B90428213A2700B44A55 /* Debug */ = {
			isa = XCBuildConfiguration;
			buildSettings = {
				ALWAYS_SEARCH_USER_PATHS = NO;
				CLANG_ANALYZER_NONNULL = YES;
				CLANG_ANALYZER_NUMBER_OBJECT_CONVERSION = YES_AGGRESSIVE;
				CLANG_CXX_LANGUAGE_STANDARD = "gnu++17";
				CLANG_ENABLE_MODULES = YES;
				CLANG_ENABLE_OBJC_ARC = YES;
				CLANG_ENABLE_OBJC_WEAK = YES;
				CLANG_WARN_BLOCK_CAPTURE_AUTORELEASING = YES;
				CLANG_WARN_BOOL_CONVERSION = YES;
				CLANG_WARN_COMMA = YES;
				CLANG_WARN_CONSTANT_CONVERSION = YES;
				CLANG_WARN_DEPRECATED_OBJC_IMPLEMENTATIONS = YES;
				CLANG_WARN_DIRECT_OBJC_ISA_USAGE = YES_ERROR;
				CLANG_WARN_DOCUMENTATION_COMMENTS = YES;
				CLANG_WARN_EMPTY_BODY = YES;
				CLANG_WARN_ENUM_CONVERSION = YES;
				CLANG_WARN_INFINITE_RECURSION = YES;
				CLANG_WARN_INT_CONVERSION = YES;
				CLANG_WARN_NON_LITERAL_NULL_CONVERSION = YES;
				CLANG_WARN_OBJC_IMPLICIT_RETAIN_SELF = YES;
				CLANG_WARN_OBJC_LITERAL_CONVERSION = YES;
				CLANG_WARN_OBJC_ROOT_CLASS = YES_ERROR;
				CLANG_WARN_QUOTED_INCLUDE_IN_FRAMEWORK_HEADER = YES;
				CLANG_WARN_RANGE_LOOP_ANALYSIS = YES;
				CLANG_WARN_STRICT_PROTOTYPES = YES;
				CLANG_WARN_SUSPICIOUS_MOVE = YES;
				CLANG_WARN_UNGUARDED_AVAILABILITY = YES_AGGRESSIVE;
				CLANG_WARN_UNREACHABLE_CODE = YES;
				CLANG_WARN__DUPLICATE_METHOD_MATCH = YES;
				COPY_PHASE_STRIP = NO;
				DEBUG_INFORMATION_FORMAT = dwarf;
				ENABLE_STRICT_OBJC_MSGSEND = YES;
				ENABLE_TESTABILITY = YES;
				GCC_C_LANGUAGE_STANDARD = gnu11;
				GCC_DYNAMIC_NO_PIC = NO;
				GCC_NO_COMMON_BLOCKS = YES;
				GCC_OPTIMIZATION_LEVEL = 0;
				GCC_PREPROCESSOR_DEFINITIONS = (
					"DEBUG=1",
					"$(inherited)",
				);
				GCC_WARN_64_TO_32_BIT_CONVERSION = YES;
				GCC_WARN_ABOUT_RETURN_TYPE = YES_ERROR;
				GCC_WARN_UNDECLARED_SELECTOR = YES;
				GCC_WARN_UNINITIALIZED_AUTOS = YES_AGGRESSIVE;
				GCC_WARN_UNUSED_FUNCTION = YES;
				GCC_WARN_UNUSED_VARIABLE = YES;
				IPHONEOS_DEPLOYMENT_TARGET = 15.4;
				MTL_ENABLE_DEBUG_INFO = INCLUDE_SOURCE;
				MTL_FAST_MATH = YES;
				ONLY_ACTIVE_ARCH = YES;
				SDKROOT = iphoneos;
				SWIFT_ACTIVE_COMPILATION_CONDITIONS = DEBUG;
				SWIFT_OPTIMIZATION_LEVEL = "-Onone";
			};
			name = Debug;
		};
		8859B90528213A2700B44A55 /* Release */ = {
			isa = XCBuildConfiguration;
			buildSettings = {
				ALWAYS_SEARCH_USER_PATHS = NO;
				CLANG_ANALYZER_NONNULL = YES;
				CLANG_ANALYZER_NUMBER_OBJECT_CONVERSION = YES_AGGRESSIVE;
				CLANG_CXX_LANGUAGE_STANDARD = "gnu++17";
				CLANG_ENABLE_MODULES = YES;
				CLANG_ENABLE_OBJC_ARC = YES;
				CLANG_ENABLE_OBJC_WEAK = YES;
				CLANG_WARN_BLOCK_CAPTURE_AUTORELEASING = YES;
				CLANG_WARN_BOOL_CONVERSION = YES;
				CLANG_WARN_COMMA = YES;
				CLANG_WARN_CONSTANT_CONVERSION = YES;
				CLANG_WARN_DEPRECATED_OBJC_IMPLEMENTATIONS = YES;
				CLANG_WARN_DIRECT_OBJC_ISA_USAGE = YES_ERROR;
				CLANG_WARN_DOCUMENTATION_COMMENTS = YES;
				CLANG_WARN_EMPTY_BODY = YES;
				CLANG_WARN_ENUM_CONVERSION = YES;
				CLANG_WARN_INFINITE_RECURSION = YES;
				CLANG_WARN_INT_CONVERSION = YES;
				CLANG_WARN_NON_LITERAL_NULL_CONVERSION = YES;
				CLANG_WARN_OBJC_IMPLICIT_RETAIN_SELF = YES;
				CLANG_WARN_OBJC_LITERAL_CONVERSION = YES;
				CLANG_WARN_OBJC_ROOT_CLASS = YES_ERROR;
				CLANG_WARN_QUOTED_INCLUDE_IN_FRAMEWORK_HEADER = YES;
				CLANG_WARN_RANGE_LOOP_ANALYSIS = YES;
				CLANG_WARN_STRICT_PROTOTYPES = YES;
				CLANG_WARN_SUSPICIOUS_MOVE = YES;
				CLANG_WARN_UNGUARDED_AVAILABILITY = YES_AGGRESSIVE;
				CLANG_WARN_UNREACHABLE_CODE = YES;
				CLANG_WARN__DUPLICATE_METHOD_MATCH = YES;
				COPY_PHASE_STRIP = NO;
				DEBUG_INFORMATION_FORMAT = "dwarf-with-dsym";
				ENABLE_NS_ASSERTIONS = NO;
				ENABLE_STRICT_OBJC_MSGSEND = YES;
				GCC_C_LANGUAGE_STANDARD = gnu11;
				GCC_NO_COMMON_BLOCKS = YES;
				GCC_WARN_64_TO_32_BIT_CONVERSION = YES;
				GCC_WARN_ABOUT_RETURN_TYPE = YES_ERROR;
				GCC_WARN_UNDECLARED_SELECTOR = YES;
				GCC_WARN_UNINITIALIZED_AUTOS = YES_AGGRESSIVE;
				GCC_WARN_UNUSED_FUNCTION = YES;
				GCC_WARN_UNUSED_VARIABLE = YES;
				IPHONEOS_DEPLOYMENT_TARGET = 15.4;
				MTL_ENABLE_DEBUG_INFO = NO;
				MTL_FAST_MATH = YES;
				SDKROOT = iphoneos;
				SWIFT_COMPILATION_MODE = wholemodule;
				SWIFT_OPTIMIZATION_LEVEL = "-O";
				VALIDATE_PRODUCT = YES;
			};
			name = Release;
		};
		8859B90728213A2700B44A55 /* Debug */ = {
			isa = XCBuildConfiguration;
			buildSettings = {
				ASSETCATALOG_COMPILER_APPICON_NAME = AppIcon;
				ASSETCATALOG_COMPILER_GLOBAL_ACCENT_COLOR_NAME = AccentColor;
				CODE_SIGN_STYLE = Automatic;
				CURRENT_PROJECT_VERSION = 1;
				DEVELOPMENT_ASSET_PATHS = "\"SwiftUICombineHaveIBeenPwnedChallenge/Preview Content\"";
				DEVELOPMENT_TEAM = YGAZHQXHH4;
				ENABLE_PREVIEWS = YES;
				GENERATE_INFOPLIST_FILE = YES;
				INFOPLIST_KEY_UIApplicationSceneManifest_Generation = YES;
				INFOPLIST_KEY_UIApplicationSupportsIndirectInputEvents = YES;
				INFOPLIST_KEY_UILaunchScreen_Generation = YES;
				INFOPLIST_KEY_UISupportedInterfaceOrientations_iPad = "UIInterfaceOrientationPortrait UIInterfaceOrientationPortraitUpsideDown UIInterfaceOrientationLandscapeLeft UIInterfaceOrientationLandscapeRight";
				INFOPLIST_KEY_UISupportedInterfaceOrientations_iPhone = "UIInterfaceOrientationPortrait UIInterfaceOrientationLandscapeLeft UIInterfaceOrientationLandscapeRight";
				LD_RUNPATH_SEARCH_PATHS = (
					"$(inherited)",
					"@executable_path/Frameworks",
				);
				MARKETING_VERSION = 1.0;
				PRODUCT_BUNDLE_IDENTIFIER = dev.peterfriese.SwiftUICombineHaveIBeenPwnedChallenge;
				PRODUCT_NAME = "$(TARGET_NAME)";
				SWIFT_EMIT_LOC_STRINGS = YES;
				SWIFT_VERSION = 5.0;
				TARGETED_DEVICE_FAMILY = "1,2";
			};
			name = Debug;
		};
		8859B90828213A2700B44A55 /* Release */ = {
			isa = XCBuildConfiguration;
			buildSettings = {
				ASSETCATALOG_COMPILER_APPICON_NAME = AppIcon;
				ASSETCATALOG_COMPILER_GLOBAL_ACCENT_COLOR_NAME = AccentColor;
				CODE_SIGN_STYLE = Automatic;
				CURRENT_PROJECT_VERSION = 1;
				DEVELOPMENT_ASSET_PATHS = "\"SwiftUICombineHaveIBeenPwnedChallenge/Preview Content\"";
				DEVELOPMENT_TEAM = YGAZHQXHH4;
				ENABLE_PREVIEWS = YES;
				GENERATE_INFOPLIST_FILE = YES;
				INFOPLIST_KEY_UIApplicationSceneManifest_Generation = YES;
				INFOPLIST_KEY_UIApplicationSupportsIndirectInputEvents = YES;
				INFOPLIST_KEY_UILaunchScreen_Generation = YES;
				INFOPLIST_KEY_UISupportedInterfaceOrientations_iPad = "UIInterfaceOrientationPortrait UIInterfaceOrientationPortraitUpsideDown UIInterfaceOrientationLandscapeLeft UIInterfaceOrientationLandscapeRight";
				INFOPLIST_KEY_UISupportedInterfaceOrientations_iPhone = "UIInterfaceOrientationPortrait UIInterfaceOrientationLandscapeLeft UIInterfaceOrientationLandscapeRight";
				LD_RUNPATH_SEARCH_PATHS = (
					"$(inherited)",
					"@executable_path/Frameworks",
				);
				MARKETING_VERSION = 1.0;
				PRODUCT_BUNDLE_IDENTIFIER = dev.peterfriese.SwiftUICombineHaveIBeenPwnedChallenge;
				PRODUCT_NAME = "$(TARGET_NAME)";
				SWIFT_EMIT_LOC_STRINGS = YES;
				SWIFT_VERSION = 5.0;
				TARGETED_DEVICE_FAMILY = "1,2";
			};
			name = Release;
		};
/* End XCBuildConfiguration section */

/* Begin XCConfigurationList section */
		8859B8F328213A2500B44A55 /* Build configuration list for PBXProject "SwiftUICombineHaveIBeenPwnedChallenge" */ = {
			isa = XCConfigurationList;
			buildConfigurations = (
				8859B90428213A2700B44A55 /* Debug */,
				8859B90528213A2700B44A55 /* Release */,
			);
			defaultConfigurationIsVisible = 0;
			defaultConfigurationName = Release;
		};
		8859B90628213A2700B44A55 /* Build configuration list for PBXNativeTarget "SwiftUICombineHaveIBeenPwnedChallenge" */ = {
			isa = XCConfigurationList;
			buildConfigurations = (
				8859B90728213A2700B44A55 /* Debug */,
				8859B90828213A2700B44A55 /* Release */,
			);
			defaultConfigurationIsVisible = 0;
			defaultConfigurationName = Release;
		};
/* End XCConfigurationList section */
	};
	rootObject = 8859B8F028213A2500B44A55 /* Project object */;
}
